// !$*UTF8*$!
{
	archiveVersion = 1;
	classes = {
	};
	objectVersion = 77;
	objects = {

/* Begin PBXContainerItemProxy section */
		EB92BDD42E7FA69800EB6471 /* PBXContainerItemProxy */ = {
			isa = PBXContainerItemProxy;
			containerPortal = EB92BDBC2E7FA69700EB6471 /* Project object */;
			proxyType = 1;
			remoteGlobalIDString = EB92BDC32E7FA69700EB6471;
			remoteInfo = "if-keiba";
		};
		EB92BDDE2E7FA69800EB6471 /* PBXContainerItemProxy */ = {
			isa = PBXContainerItemProxy;
			containerPortal = EB92BDBC2E7FA69700EB6471 /* Project object */;
			proxyType = 1;
			remoteGlobalIDString = EB92BDC32E7FA69700EB6471;
			remoteInfo = "if-keiba";
		};
/* End PBXContainerItemProxy section */

/* Begin PBXFileReference section */
		EB92BDC42E7FA69700EB6471 /* if-keiba.app */ = {isa = PBXFileReference; explicitFileType = wrapper.application; includeInIndex = 0; path = "if-keiba.app"; sourceTree = BUILT_PRODUCTS_DIR; };
		EB92BDD32E7FA69800EB6471 /* if-keibaTests.xctest */ = {isa = PBXFileReference; explicitFileType = wrapper.cfbundle; includeInIndex = 0; path = "if-keibaTests.xctest"; sourceTree = BUILT_PRODUCTS_DIR; };
		EB92BDDD2E7FA69800EB6471 /* if-keibaUITests.xctest */ = {isa = PBXFileReference; explicitFileType = wrapper.cfbundle; includeInIndex = 0; path = "if-keibaUITests.xctest"; sourceTree = BUILT_PRODUCTS_DIR; };
/* End PBXFileReference section */

/* Begin PBXFileSystemSynchronizedBuildFileExceptionSet section */
		EB92BE042E7FB8E300EB6471 /* Exceptions for "if-keiba" folder in "if-keiba" target */ = {
			isa = PBXFileSystemSynchronizedBuildFileExceptionSet;
			membershipExceptions = (
				ContentView.swift,
				Models/.gitkeep,
				Resources/.gitkeep,
				Services/.gitkeep,
				Utils/.gitkeep,
				ViewModels/.gitkeep,
				Views/.gitkeep,
			);
			target = EB92BDC32E7FA69700EB6471 /* if-keiba */;
		};
/* End PBXFileSystemSynchronizedBuildFileExceptionSet section */

/* Begin PBXFileSystemSynchronizedRootGroup section */
		EB92BDC62E7FA69700EB6471 /* if-keiba */ = {
			isa = PBXFileSystemSynchronizedRootGroup;
			exceptions = (
				EB92BE042E7FB8E300EB6471 /* Exceptions for "if-keiba" folder in "if-keiba" target */,
			);
			path = "if-keiba";
			sourceTree = "<group>";
		};
		EB92BDD62E7FA69800EB6471 /* if-keibaTests */ = {
			isa = PBXFileSystemSynchronizedRootGroup;
			path = "if-keibaTests";
			sourceTree = "<group>";
		};
		EB92BDE02E7FA69800EB6471 /* if-keibaUITests */ = {
			isa = PBXFileSystemSynchronizedRootGroup;
			path = "if-keibaUITests";
			sourceTree = "<group>";
		};
/* End PBXFileSystemSynchronizedRootGroup section */

/* Begin PBXFrameworksBuildPhase section */
		EB92BDC12E7FA69700EB6471 /* Frameworks */ = {
			isa = PBXFrameworksBuildPhase;
			buildActionMask = 2147483647;
			files = (
			);
			runOnlyForDeploymentPostprocessing = 0;
		};
		EB92BDD02E7FA69800EB6471 /* Frameworks */ = {
			isa = PBXFrameworksBuildPhase;
			buildActionMask = 2147483647;
			files = (
			);
			runOnlyForDeploymentPostprocessing = 0;
		};
		EB92BDDA2E7FA69800EB6471 /* Frameworks */ = {
			isa = PBXFrameworksBuildPhase;
			buildActionMask = 2147483647;
			files = (
			);
			runOnlyForDeploymentPostprocessing = 0;
		};
/* End PBXFrameworksBuildPhase section */

/* Begin PBXGroup section */
		EB92BDBB2E7FA69700EB6471 = {
			isa = PBXGroup;
			children = (
				EB92BDC62E7FA69700EB6471 /* if-keiba */,
				EB92BDD62E7FA69800EB6471 /* if-keibaTests */,
				EB92BDE02E7FA69800EB6471 /* if-keibaUITests */,
				EB92BDC52E7FA69700EB6471 /* Products */,
			);
			sourceTree = "<group>";
		};
		EB92BDC52E7FA69700EB6471 /* Products */ = {
			isa = PBXGroup;
			children = (
				EB92BDC42E7FA69700EB6471 /* if-keiba.app */,
				EB92BDD32E7FA69800EB6471 /* if-keibaTests.xctest */,
				EB92BDDD2E7FA69800EB6471 /* if-keibaUITests.xctest */,
			);
			name = Products;
			sourceTree = "<group>";
		};
/* End PBXGroup section */

/* Begin PBXNativeTarget section */
		EB92BDC32E7FA69700EB6471 /* if-keiba */ = {
			isa = PBXNativeTarget;
			buildConfigurationList = EB92BDE72E7FA69800EB6471 /* Build configuration list for PBXNativeTarget "if-keiba" */;
			buildPhases = (
				EB92BDC02E7FA69700EB6471 /* Sources */,
				EB92BDC12E7FA69700EB6471 /* Frameworks */,
				EB92BDC22E7FA69700EB6471 /* Resources */,
			);
			buildRules = (
			);
			dependencies = (
			);
			fileSystemSynchronizedGroups = (
				EB92BDC62E7FA69700EB6471 /* if-keiba */,
			);
			name = "if-keiba";
			packageProductDependencies = (
			);
			productName = "if-keiba";
			productReference = EB92BDC42E7FA69700EB6471 /* if-keiba.app */;
			productType = "com.apple.product-type.application";
		};
		EB92BDD22E7FA69800EB6471 /* if-keibaTests */ = {
			isa = PBXNativeTarget;
			buildConfigurationList = EB92BDEA2E7FA69800EB6471 /* Build configuration list for PBXNativeTarget "if-keibaTests" */;
			buildPhases = (
				EB92BDCF2E7FA69800EB6471 /* Sources */,
				EB92BDD02E7FA69800EB6471 /* Frameworks */,
				EB92BDD12E7FA69800EB6471 /* Resources */,
			);
			buildRules = (
			);
			dependencies = (
				EB92BDD52E7FA69800EB6471 /* PBXTargetDependency */,
			);
			fileSystemSynchronizedGroups = (
				EB92BDD62E7FA69800EB6471 /* if-keibaTests */,
			);
			name = "if-keibaTests";
			packageProductDependencies = (
			);
			productName = "if-keibaTests";
			productReference = EB92BDD32E7FA69800EB6471 /* if-keibaTests.xctest */;
			productType = "com.apple.product-type.bundle.unit-test";
		};
		EB92BDDC2E7FA69800EB6471 /* if-keibaUITests */ = {
			isa = PBXNativeTarget;
			buildConfigurationList = EB92BDED2E7FA69800EB6471 /* Build configuration list for PBXNativeTarget "if-keibaUITests" */;
			buildPhases = (
				EB92BDD92E7FA69800EB6471 /* Sources */,
				EB92BDDA2E7FA69800EB6471 /* Frameworks */,
				EB92BDDB2E7FA69800EB6471 /* Resources */,
			);
			buildRules = (
			);
			dependencies = (
				EB92BDDF2E7FA69800EB6471 /* PBXTargetDependency */,
			);
			fileSystemSynchronizedGroups = (
				EB92BDE02E7FA69800EB6471 /* if-keibaUITests */,
			);
			name = "if-keibaUITests";
			packageProductDependencies = (
			);
			productName = "if-keibaUITests";
			productReference = EB92BDDD2E7FA69800EB6471 /* if-keibaUITests.xctest */;
			productType = "com.apple.product-type.bundle.ui-testing";
		};
/* End PBXNativeTarget section */

/* Begin PBXProject section */
		EB92BDBC2E7FA69700EB6471 /* Project object */ = {
			isa = PBXProject;
			attributes = {
				BuildIndependentTargetsInParallel = 1;
				LastSwiftUpdateCheck = 2600;
				LastUpgradeCheck = 2600;
				TargetAttributes = {
					EB92BDC32E7FA69700EB6471 = {
						CreatedOnToolsVersion = 26.0;
					};
					EB92BDD22E7FA69800EB6471 = {
						CreatedOnToolsVersion = 26.0;
						TestTargetID = EB92BDC32E7FA69700EB6471;
					};
					EB92BDDC2E7FA69800EB6471 = {
						CreatedOnToolsVersion = 26.0;
						TestTargetID = EB92BDC32E7FA69700EB6471;
					};
				};
			};
			buildConfigurationList = EB92BDBF2E7FA69700EB6471 /* Build configuration list for PBXProject "if-keiba" */;
			developmentRegion = en;
			hasScannedForEncodings = 0;
			knownRegions = (
				en,
				Base,
			);
			mainGroup = EB92BDBB2E7FA69700EB6471;
			minimizedProjectReferenceProxies = 1;
			preferredProjectObjectVersion = 77;
			productRefGroup = EB92BDC52E7FA69700EB6471 /* Products */;
			projectDirPath = "";
			projectRoot = "";
			targets = (
				EB92BDC32E7FA69700EB6471 /* if-keiba */,
				EB92BDD22E7FA69800EB6471 /* if-keibaTests */,
				EB92BDDC2E7FA69800EB6471 /* if-keibaUITests */,
			);
		};
/* End PBXProject section */

/* Begin PBXResourcesBuildPhase section */
		EB92BDC22E7FA69700EB6471 /* Resources */ = {
			isa = PBXResourcesBuildPhase;
			buildActionMask = 2147483647;
			files = (
			);
			runOnlyForDeploymentPostprocessing = 0;
		};
		EB92BDD12E7FA69800EB6471 /* Resources */ = {
			isa = PBXResourcesBuildPhase;
			buildActionMask = 2147483647;
			files = (
			);
			runOnlyForDeploymentPostprocessing = 0;
		};
		EB92BDDB2E7FA69800EB6471 /* Resources */ = {
			isa = PBXResourcesBuildPhase;
			buildActionMask = 2147483647;
			files = (
			);
			runOnlyForDeploymentPostprocessing = 0;
		};
/* End PBXResourcesBuildPhase section */

/* Begin PBXSourcesBuildPhase section */
		EB92BDC02E7FA69700EB6471 /* Sources */ = {
			isa = PBXSourcesBuildPhase;
			buildActionMask = 2147483647;
			files = (
			);
			runOnlyForDeploymentPostprocessing = 0;
		};
		EB92BDCF2E7FA69800EB6471 /* Sources */ = {
			isa = PBXSourcesBuildPhase;
			buildActionMask = 2147483647;
			files = (
			);
			runOnlyForDeploymentPostprocessing = 0;
		};
		EB92BDD92E7FA69800EB6471 /* Sources */ = {
			isa = PBXSourcesBuildPhase;
			buildActionMask = 2147483647;
			files = (
			);
			runOnlyForDeploymentPostprocessing = 0;
		};
/* End PBXSourcesBuildPhase section */

/* Begin PBXTargetDependency section */
		EB92BDD52E7FA69800EB6471 /* PBXTargetDependency */ = {
			isa = PBXTargetDependency;
			target = EB92BDC32E7FA69700EB6471 /* if-keiba */;
			targetProxy = EB92BDD42E7FA69800EB6471 /* PBXContainerItemProxy */;
		};
		EB92BDDF2E7FA69800EB6471 /* PBXTargetDependency */ = {
			isa = PBXTargetDependency;
			target = EB92BDC32E7FA69700EB6471 /* if-keiba */;
			targetProxy = EB92BDDE2E7FA69800EB6471 /* PBXContainerItemProxy */;
		};
/* End PBXTargetDependency section */

/* Begin XCBuildConfiguration section */
		EB92BDE52E7FA69800EB6471 /* Debug */ = {
			isa = XCBuildConfiguration;
			buildSettings = {
				ALWAYS_SEARCH_USER_PATHS = NO;
				ASSETCATALOG_COMPILER_GENERATE_SWIFT_ASSET_SYMBOL_EXTENSIONS = YES;
				CLANG_ANALYZER_NONNULL = YES;
				CLANG_ANALYZER_NUMBER_OBJECT_CONVERSION = YES_AGGRESSIVE;
				CLANG_CXX_LANGUAGE_STANDARD = "gnu++20";
				CLANG_ENABLE_MODULES = YES;
				CLANG_ENABLE_OBJC_ARC = YES;
				CLANG_ENABLE_OBJC_WEAK = YES;
				CLANG_WARN_BLOCK_CAPTURE_AUTORELEASING = YES;
				CLANG_WARN_BOOL_CONVERSION = YES;
				CLANG_WARN_COMMA = YES;
				CLANG_WARN_CONSTANT_CONVERSION = YES;
				CLANG_WARN_DEPRECATED_OBJC_IMPLEMENTATIONS = YES;
				CLANG_WARN_DIRECT_OBJC_ISA_USAGE = YES_ERROR;
				CLANG_WARN_DOCUMENTATION_COMMENTS = YES;
				CLANG_WARN_EMPTY_BODY = YES;
				CLANG_WARN_ENUM_CONVERSION = YES;
				CLANG_WARN_INFINITE_RECURSION = YES;
				CLANG_WARN_INT_CONVERSION = YES;
				CLANG_WARN_NON_LITERAL_NULL_CONVERSION = YES;
				CLANG_WARN_OBJC_IMPLICIT_RETAIN_SELF = YES;
				CLANG_WARN_OBJC_LITERAL_CONVERSION = YES;
				CLANG_WARN_OBJC_ROOT_CLASS = YES_ERROR;
				CLANG_WARN_QUOTED_INCLUDE_IN_FRAMEWORK_HEADER = YES;
				CLANG_WARN_RANGE_LOOP_ANALYSIS = YES;
				CLANG_WARN_STRICT_PROTOTYPES = YES;
				CLANG_WARN_SUSPICIOUS_MOVE = YES;
				CLANG_WARN_UNGUARDED_AVAILABILITY = YES_AGGRESSIVE;
				CLANG_WARN_UNREACHABLE_CODE = YES;
				CLANG_WARN__DUPLICATE_METHOD_MATCH = YES;
				COPY_PHASE_STRIP = NO;
				DEBUG_INFORMATION_FORMAT = dwarf;
				ENABLE_STRICT_OBJC_MSGSEND = YES;
				ENABLE_TESTABILITY = YES;
				ENABLE_USER_SCRIPT_SANDBOXING = YES;
				GCC_C_LANGUAGE_STANDARD = gnu17;
				GCC_DYNAMIC_NO_PIC = NO;
				GCC_NO_COMMON_BLOCKS = YES;
				GCC_OPTIMIZATION_LEVEL = 0;
				GCC_PREPROCESSOR_DEFINITIONS = (
					"DEBUG=1",
					"$(inherited)",
				);
				GCC_WARN_64_TO_32_BIT_CONVERSION = YES;
				GCC_WARN_ABOUT_RETURN_TYPE = YES_ERROR;
				GCC_WARN_UNDECLARED_SELECTOR = YES;
				GCC_WARN_UNINITIALIZED_AUTOS = YES_AGGRESSIVE;
				GCC_WARN_UNUSED_FUNCTION = YES;
				GCC_WARN_UNUSED_VARIABLE = YES;
				IPHONEOS_DEPLOYMENT_TARGET = 26.0;
				LOCALIZATION_PREFERS_STRING_CATALOGS = YES;
				MTL_ENABLE_DEBUG_INFO = INCLUDE_SOURCE;
				MTL_FAST_MATH = YES;
				ONLY_ACTIVE_ARCH = YES;
				SDKROOT = iphoneos;
				SWIFT_ACTIVE_COMPILATION_CONDITIONS = "DEBUG $(inherited)";
				SWIFT_OPTIMIZATION_LEVEL = "-Onone";
			};
			name = Debug;
		};
		EB92BDE62E7FA69800EB6471 /* Release */ = {
			isa = XCBuildConfiguration;
			buildSettings = {
				ALWAYS_SEARCH_USER_PATHS = NO;
				ASSETCATALOG_COMPILER_GENERATE_SWIFT_ASSET_SYMBOL_EXTENSIONS = YES;
				CLANG_ANALYZER_NONNULL = YES;
				CLANG_ANALYZER_NUMBER_OBJECT_CONVERSION = YES_AGGRESSIVE;
				CLANG_CXX_LANGUAGE_STANDARD = "gnu++20";
				CLANG_ENABLE_MODULES = YES;
				CLANG_ENABLE_OBJC_ARC = YES;
				CLANG_ENABLE_OBJC_WEAK = YES;
				CLANG_WARN_BLOCK_CAPTURE_AUTORELEASING = YES;
				CLANG_WARN_BOOL_CONVERSION = YES;
				CLANG_WARN_COMMA = YES;
				CLANG_WARN_CONSTANT_CONVERSION = YES;
				CLANG_WARN_DEPRECATED_OBJC_IMPLEMENTATIONS = YES;
				CLANG_WARN_DIRECT_OBJC_ISA_USAGE = YES_ERROR;
				CLANG_WARN_DOCUMENTATION_COMMENTS = YES;
				CLANG_WARN_EMPTY_BODY = YES;
				CLANG_WARN_ENUM_CONVERSION = YES;
				CLANG_WARN_INFINITE_RECURSION = YES;
				CLANG_WARN_INT_CONVERSION = YES;
				CLANG_WARN_NON_LITERAL_NULL_CONVERSION = YES;
				CLANG_WARN_OBJC_IMPLICIT_RETAIN_SELF = YES;
				CLANG_WARN_OBJC_LITERAL_CONVERSION = YES;
				CLANG_WARN_OBJC_ROOT_CLASS = YES_ERROR;
				CLANG_WARN_QUOTED_INCLUDE_IN_FRAMEWORK_HEADER = YES;
				CLANG_WARN_RANGE_LOOP_ANALYSIS = YES;
				CLANG_WARN_STRICT_PROTOTYPES = YES;
				CLANG_WARN_SUSPICIOUS_MOVE = YES;
				CLANG_WARN_UNGUARDED_AVAILABILITY = YES_AGGRESSIVE;
				CLANG_WARN_UNREACHABLE_CODE = YES;
				CLANG_WARN__DUPLICATE_METHOD_MATCH = YES;
				COPY_PHASE_STRIP = NO;
				DEBUG_INFORMATION_FORMAT = "dwarf-with-dsym";
				ENABLE_NS_ASSERTIONS = NO;
				ENABLE_STRICT_OBJC_MSGSEND = YES;
				ENABLE_USER_SCRIPT_SANDBOXING = YES;
				GCC_C_LANGUAGE_STANDARD = gnu17;
				GCC_NO_COMMON_BLOCKS = YES;
				GCC_WARN_64_TO_32_BIT_CONVERSION = YES;
				GCC_WARN_ABOUT_RETURN_TYPE = YES_ERROR;
				GCC_WARN_UNDECLARED_SELECTOR = YES;
				GCC_WARN_UNINITIALIZED_AUTOS = YES_AGGRESSIVE;
				GCC_WARN_UNUSED_FUNCTION = YES;
				GCC_WARN_UNUSED_VARIABLE = YES;
				IPHONEOS_DEPLOYMENT_TARGET = 26.0;
				LOCALIZATION_PREFERS_STRING_CATALOGS = YES;
				MTL_ENABLE_DEBUG_INFO = NO;
				MTL_FAST_MATH = YES;
				SDKROOT = iphoneos;
				SWIFT_COMPILATION_MODE = wholemodule;
				VALIDATE_PRODUCT = YES;
			};
			name = Release;
		};
		EB92BDE82E7FA69800EB6471 /* Debug */ = {
			isa = XCBuildConfiguration;
			buildSettings = {
				ASSETCATALOG_COMPILER_APPICON_NAME = AppIcon;
				ASSETCATALOG_COMPILER_GLOBAL_ACCENT_COLOR_NAME = AccentColor;
				CODE_SIGN_STYLE = Automatic;
				CURRENT_PROJECT_VERSION = 1;
				ENABLE_PREVIEWS = YES;
				GENERATE_INFOPLIST_FILE = YES;
				INFOPLIST_KEY_UIApplicationSceneManifest_Generation = YES;
				INFOPLIST_KEY_UIApplicationSupportsIndirectInputEvents = YES;
				INFOPLIST_KEY_UILaunchScreen_Generation = YES;
				INFOPLIST_KEY_UISupportedInterfaceOrientations_iPad = "UIInterfaceOrientationPortrait UIInterfaceOrientationPortraitUpsideDown UIInterfaceOrientationLandscapeLeft UIInterfaceOrientationLandscapeRight";
				INFOPLIST_KEY_UISupportedInterfaceOrientations_iPhone = "UIInterfaceOrientationPortrait UIInterfaceOrientationLandscapeLeft UIInterfaceOrientationLandscapeRight";
				LD_RUNPATH_SEARCH_PATHS = (
					"$(inherited)",
					"@executable_path/Frameworks",
				);
				MARKETING_VERSION = 1.0;
				PRODUCT_BUNDLE_IDENTIFIER = "com.rnkombat.if-keiba.if-keiba";
				PRODUCT_NAME = "$(TARGET_NAME)";
				STRING_CATALOG_GENERATE_SYMBOLS = YES;
				SWIFT_APPROACHABLE_CONCURRENCY = YES;
				SWIFT_DEFAULT_ACTOR_ISOLATION = MainActor;
				SWIFT_EMIT_LOC_STRINGS = YES;
				SWIFT_UPCOMING_FEATURE_MEMBER_IMPORT_VISIBILITY = YES;
				SWIFT_VERSION = 5.0;
				TARGETED_DEVICE_FAMILY = "1,2";
			};
			name = Debug;
		};
		EB92BDE92E7FA69800EB6471 /* Release */ = {
			isa = XCBuildConfiguration;
			buildSettings = {
				ASSETCATALOG_COMPILER_APPICON_NAME = AppIcon;
				ASSETCATALOG_COMPILER_GLOBAL_ACCENT_COLOR_NAME = AccentColor;
				CODE_SIGN_STYLE = Automatic;
				CURRENT_PROJECT_VERSION = 1;
				ENABLE_PREVIEWS = YES;
				GENERATE_INFOPLIST_FILE = YES;
				INFOPLIST_KEY_UIApplicationSceneManifest_Generation = YES;
				INFOPLIST_KEY_UIApplicationSupportsIndirectInputEvents = YES;
				INFOPLIST_KEY_UILaunchScreen_Generation = YES;
				INFOPLIST_KEY_UISupportedInterfaceOrientations_iPad = "UIInterfaceOrientationPortrait UIInterfaceOrientationPortraitUpsideDown UIInterfaceOrientationLandscapeLeft UIInterfaceOrientationLandscapeRight";
				INFOPLIST_KEY_UISupportedInterfaceOrientations_iPhone = "UIInterfaceOrientationPortrait UIInterfaceOrientationLandscapeLeft UIInterfaceOrientationLandscapeRight";
				LD_RUNPATH_SEARCH_PATHS = (
					"$(inherited)",
					"@executable_path/Frameworks",
				);
				MARKETING_VERSION = 1.0;
				PRODUCT_BUNDLE_IDENTIFIER = "com.rnkombat.if-keiba.if-keiba";
				PRODUCT_NAME = "$(TARGET_NAME)";
				STRING_CATALOG_GENERATE_SYMBOLS = YES;
				SWIFT_APPROACHABLE_CONCURRENCY = YES;
				SWIFT_DEFAULT_ACTOR_ISOLATION = MainActor;
				SWIFT_EMIT_LOC_STRINGS = YES;
				SWIFT_UPCOMING_FEATURE_MEMBER_IMPORT_VISIBILITY = YES;
				SWIFT_VERSION = 5.0;
				TARGETED_DEVICE_FAMILY = "1,2";
			};
			name = Release;
		};
		EB92BDEB2E7FA69800EB6471 /* Debug */ = {
			isa = XCBuildConfiguration;
			buildSettings = {
				BUNDLE_LOADER = "$(TEST_HOST)";
				CODE_SIGN_STYLE = Automatic;
				CURRENT_PROJECT_VERSION = 1;
				GENERATE_INFOPLIST_FILE = YES;
				IPHONEOS_DEPLOYMENT_TARGET = 26.0;
				MARKETING_VERSION = 1.0;
				PRODUCT_BUNDLE_IDENTIFIER = "com.rnkombat.if-keiba.if-keibaTests";
				PRODUCT_NAME = "$(TARGET_NAME)";
				STRING_CATALOG_GENERATE_SYMBOLS = NO;
				SWIFT_APPROACHABLE_CONCURRENCY = YES;
				SWIFT_EMIT_LOC_STRINGS = NO;
				SWIFT_UPCOMING_FEATURE_MEMBER_IMPORT_VISIBILITY = YES;
				SWIFT_VERSION = 5.0;
				TARGETED_DEVICE_FAMILY = "1,2";
				TEST_HOST = "$(BUILT_PRODUCTS_DIR)/if-keiba.app/$(BUNDLE_EXECUTABLE_FOLDER_PATH)/if-keiba";
			};
			name = Debug;
		};
		EB92BDEC2E7FA69800EB6471 /* Release */ = {
			isa = XCBuildConfiguration;
			buildSettings = {
				BUNDLE_LOADER = "$(TEST_HOST)";
				CODE_SIGN_STYLE = Automatic;
				CURRENT_PROJECT_VERSION = 1;
				GENERATE_INFOPLIST_FILE = YES;
				IPHONEOS_DEPLOYMENT_TARGET = 26.0;
				MARKETING_VERSION = 1.0;
				PRODUCT_BUNDLE_IDENTIFIER = "com.rnkombat.if-keiba.if-keibaTests";
				PRODUCT_NAME = "$(TARGET_NAME)";
				STRING_CATALOG_GENERATE_SYMBOLS = NO;
				SWIFT_APPROACHABLE_CONCURRENCY = YES;
				SWIFT_EMIT_LOC_STRINGS = NO;
				SWIFT_UPCOMING_FEATURE_MEMBER_IMPORT_VISIBILITY = YES;
				SWIFT_VERSION = 5.0;
				TARGETED_DEVICE_FAMILY = "1,2";
				TEST_HOST = "$(BUILT_PRODUCTS_DIR)/if-keiba.app/$(BUNDLE_EXECUTABLE_FOLDER_PATH)/if-keiba";
			};
			name = Release;
		};
		EB92BDEE2E7FA69800EB6471 /* Debug */ = {
			isa = XCBuildConfiguration;
			buildSettings = {
				CODE_SIGN_STYLE = Automatic;
				CURRENT_PROJECT_VERSION = 1;
				GENERATE_INFOPLIST_FILE = YES;
				MARKETING_VERSION = 1.0;
				PRODUCT_BUNDLE_IDENTIFIER = "com.rnkombat.if-keiba.if-keibaUITests";
				PRODUCT_NAME = "$(TARGET_NAME)";
				STRING_CATALOG_GENERATE_SYMBOLS = NO;
				SWIFT_APPROACHABLE_CONCURRENCY = YES;
				SWIFT_EMIT_LOC_STRINGS = NO;
				SWIFT_UPCOMING_FEATURE_MEMBER_IMPORT_VISIBILITY = YES;
				SWIFT_VERSION = 5.0;
				TARGETED_DEVICE_FAMILY = "1,2";
				TEST_TARGET_NAME = "if-keiba";
			};
			name = Debug;
		};
		EB92BDEF2E7FA69800EB6471 /* Release */ = {
			isa = XCBuildConfiguration;
			buildSettings = {
				CODE_SIGN_STYLE = Automatic;
				CURRENT_PROJECT_VERSION = 1;
				GENERATE_INFOPLIST_FILE = YES;
				MARKETING_VERSION = 1.0;
				PRODUCT_BUNDLE_IDENTIFIER = "com.rnkombat.if-keiba.if-keibaUITests";
				PRODUCT_NAME = "$(TARGET_NAME)";
				STRING_CATALOG_GENERATE_SYMBOLS = NO;
				SWIFT_APPROACHABLE_CONCURRENCY = YES;
				SWIFT_EMIT_LOC_STRINGS = NO;
				SWIFT_UPCOMING_FEATURE_MEMBER_IMPORT_VISIBILITY = YES;
				SWIFT_VERSION = 5.0;
				TARGETED_DEVICE_FAMILY = "1,2";
				TEST_TARGET_NAME = "if-keiba";
			};
			name = Release;
		};
/* End XCBuildConfiguration section */

/* Begin XCConfigurationList section */
		EB92BDBF2E7FA69700EB6471 /* Build configuration list for PBXProject "if-keiba" */ = {
			isa = XCConfigurationList;
			buildConfigurations = (
				EB92BDE52E7FA69800EB6471 /* Debug */,
				EB92BDE62E7FA69800EB6471 /* Release */,
			);
			defaultConfigurationIsVisible = 0;
			defaultConfigurationName = Release;
		};
		EB92BDE72E7FA69800EB6471 /* Build configuration list for PBXNativeTarget "if-keiba" */ = {
			isa = XCConfigurationList;
			buildConfigurations = (
				EB92BDE82E7FA69800EB6471 /* Debug */,
				EB92BDE92E7FA69800EB6471 /* Release */,
			);
			defaultConfigurationIsVisible = 0;
			defaultConfigurationName = Release;
		};
		EB92BDEA2E7FA69800EB6471 /* Build configuration list for PBXNativeTarget "if-keibaTests" */ = {
			isa = XCConfigurationList;
			buildConfigurations = (
				EB92BDEB2E7FA69800EB6471 /* Debug */,
				EB92BDEC2E7FA69800EB6471 /* Release */,
			);
			defaultConfigurationIsVisible = 0;
			defaultConfigurationName = Release;
		};
		EB92BDED2E7FA69800EB6471 /* Build configuration list for PBXNativeTarget "if-keibaUITests" */ = {
			isa = XCConfigurationList;
			buildConfigurations = (
				EB92BDEE2E7FA69800EB6471 /* Debug */,
				EB92BDEF2E7FA69800EB6471 /* Release */,
			);
			defaultConfigurationIsVisible = 0;
			defaultConfigurationName = Release;
		};
/* End XCConfigurationList section */
	};
	rootObject = EB92BDBC2E7FA69700EB6471 /* Project object */;
}
